{
  "name": "zenn-content",
  "lockfileVersion": 3,
  "requires": true,
  "packages": {
    "": {
      "dependencies": {
        "zenn-cli": "^0.2.6"
      }
    },
    "node_modules/zenn-cli": {
      "version": "0.2.6",
      "resolved": "https://registry.npmjs.org/zenn-cli/-/zenn-cli-0.2.6.tgz",
      "integrity": "sha512-rDRd13/PuJBjpj5nskuf0tOgPb9SBMHF6r4Fu0zdYQsK0iLPtoP240RhZdAIh5d70jPgjf4EtSTRgoJ8n9Tvjg==",
      "license": "MIT",
      "bin": {
        "zenn": "dist/server/zenn.js"
      },
      "engines": {
        "node": ">=22.0.0"
      }
    }
  }
}
